
Microsoft Visual Studio Solution File, Format Version 12.00
# Visual Studio Version 17
VisualStudioVersion = 17.8.34322.80
MinimumVisualStudioVersion = 10.0.40219.1
Project("{9A19103F-16F7-4668-BE54-9A1E7A4F7556}") = "Todo.API", "Todo.API\Todo.API.csproj", "{04210425-0EC0-4B25-B7C3-EC62C883E6C0}"
EndProject
Project("{9A19103F-16F7-4668-BE54-9A1E7A4F7556}") = "Todo.Business", "Todo.Business\Todo.Business.csproj", "{172F8F73-B27A-4B97-BEAF-B8C4F86BD272}"
EndProject
Project("{9A19103F-16F7-4668-BE54-9A1E7A4F7556}") = "Todo.Infrastructure", "Todo.Infrastructure\Todo.Infrastructure.csproj", "{476427DB-450A-490F-AF0B-85AE87311FC4}"
EndProject
Global
	GlobalSection(SolutionConfigurationPlatforms) = preSolution
		Debug|Any CPU = Debug|Any CPU
		Release|Any CPU = Release|Any CPU
	EndGlobalSection
	GlobalSection(ProjectConfigurationPlatforms) = postSolution
		{04210425-0EC0-4B25-B7C3-EC62C883E6C0}.Debug|Any CPU.ActiveCfg = Debug|Any CPU
		{04210425-0EC0-4B25-B7C3-EC62C883E6C0}.Debug|Any CPU.Build.0 = Debug|Any CPU
		{04210425-0EC0-4B25-B7C3-EC62C883E6C0}.Release|Any CPU.ActiveCfg = Release|Any CPU
		{04210425-0EC0-4B25-B7C3-EC62C883E6C0}.Release|Any CPU.Build.0 = Release|Any CPU
		{172F8F73-B27A-4B97-BEAF-B8C4F86BD272}.Debug|Any CPU.ActiveCfg = Debug|Any CPU
		{172F8F73-B27A-4B97-BEAF-B8C4F86BD272}.Debug|Any CPU.Build.0 = Debug|Any CPU
		{172F8F73-B27A-4B97-BEAF-B8C4F86BD272}.Release|Any CPU.ActiveCfg = Release|Any CPU
		{172F8F73-B27A-4B97-BEAF-B8C4F86BD272}.Release|Any CPU.Build.0 = Release|Any CPU
		{476427DB-450A-490F-AF0B-85AE87311FC4}.Debug|Any CPU.ActiveCfg = Debug|Any CPU
		{476427DB-450A-490F-AF0B-85AE87311FC4}.Debug|Any CPU.Build.0 = Debug|Any CPU
		{476427DB-450A-490F-AF0B-85AE87311FC4}.Release|Any CPU.ActiveCfg = Release|Any CPU
		{476427DB-450A-490F-AF0B-85AE87311FC4}.Release|Any CPU.Build.0 = Release|Any CPU
	EndGlobalSection
	GlobalSection(SolutionProperties) = preSolution
		HideSolutionNode = FALSE
	EndGlobalSection
	GlobalSection(ExtensibilityGlobals) = postSolution
		SolutionGuid = {BFBC9DB1-9D61-4B23-A7CC-08690E80707D}
	EndGlobalSection
EndGlobal
